{
  "name": "goit-js-hw-11",
  "lockfileVersion": 3,
  "requires": true,
  "packages": {
    "": {
      "dependencies": {
        "notiflix": "^3.2.6",
        "pixabay": "^0.0.1",
        "slim-select": "^2.5.0"
      }
    },
    "node_modules/notiflix": {
      "version": "3.2.6",
      "resolved": "https://registry.npmjs.org/notiflix/-/notiflix-3.2.6.tgz",
      "integrity": "sha512-mUoaJ/s9E4r8o1O8XRqcuXEylpgOkfXtI5SEkBBlBK+LK7nq1c6qQaQcF7QzS/S018Ww7uUqSZotOs5cHENvVw=="
    },
    "node_modules/pixabay": {
      "version": "0.0.1",
      "resolved": "https://registry.npmjs.org/pixabay/-/pixabay-0.0.1.tgz",
      "integrity": "sha512-W9vTAm0C7QxuqPAf0CEWNeuLSpq86EsGdQb5E/8npj5C8BScUdLt+uncX0eZcJD6pTE1W254WDzNiZJEzApsHQ=="
    },
    "node_modules/slim-select": {
      "version": "2.5.0",
      "resolved": "https://registry.npmjs.org/slim-select/-/slim-select-2.5.0.tgz",
      "integrity": "sha512-mGYtf57SMCG+9fhlqDYWXF0+K6EYHnYMplBFv1ku67MXFvM19PKeCSmLQoVAfAzQ3rgpql26iSl5XOI49zc0rQ=="
    }
  }
}
